
Microsoft Visual Studio Solution File, Format Version 12.00
# Visual Studio Version 17
VisualStudioVersion = 17.0.31903.59
MinimumVisualStudioVersion = 10.0.40219.1
Project("{FAE04EC0-301F-11D3-BF4B-00C04F79EFBC}") = "AndroidSample", "AndroidSample\AndroidSample.csproj", "{7698C50C-E4BD-42E9-B899-A53361736E31}"
EndProject
Project("{2150E333-8FDC-42A3-9474-1A3956D46DE8}") = "src", "src", "{3B3711E8-2620-4213-B5B2-CB12C141BA71}"
EndProject
Project("{FAE04EC0-301F-11D3-BF4B-00C04F79EFBC}") = "Net.Android.AppMetrica.Analytics", "src\Net.Android.AppMetrica.Analytics\Net.Android.AppMetrica.Analytics.csproj", "{EA7543E2-03AE-4B60-A4AF-04F3305AEFC0}"
EndProject
Project("{FAE04EC0-301F-11D3-BF4B-00C04F79EFBC}") = "Net.Android.AppMetrica.Analytics.Logger", "src\Net.Android.AppMetrica.Analytics.Logger\Net.Android.AppMetrica.Analytics.Logger.csproj", "{EE86A0E8-52BA-44DD-9A01-B796FD47A098}"
EndProject
Project("{FAE04EC0-301F-11D3-BF4B-00C04F79EFBC}") = "Net.Android.AppMetrica.Analytics.CoreUtils", "src\Net.Android.AppMetrica.Analytics.CoreUtils\Net.Android.AppMetrica.Analytics.CoreUtils.csproj", "{CF74FD15-81E0-4A75-8D30-62F22A962E07}"
EndProject
Project("{FAE04EC0-301F-11D3-BF4B-00C04F79EFBC}") = "Net.Android.AppMetrica.Analytics.CoreApi", "src\Net.Android.AppMetrica.Analytics.CoreApi\Net.Android.AppMetrica.Analytics.CoreApi.csproj", "{2ADAD30B-E087-492D-B762-CB0CC32F0539}"
EndProject
Project("{FAE04EC0-301F-11D3-BF4B-00C04F79EFBC}") = "Net.Android.AppMetrica.Analytics.CommonLogger", "src\Net.Android.AppMetrica.Analytics.CommonLogger\Net.Android.AppMetrica.Analytics.CommonLogger.csproj", "{E34B10CF-A0B8-481D-9103-B197225ABC4B}"
EndProject
Project("{FAE04EC0-301F-11D3-BF4B-00C04F79EFBC}") = "Net.Android.AppMetrica.Analytics.Proto", "src\Net.Android.AppMetrica.Analytics.Proto\Net.Android.AppMetrica.Analytics.Proto.csproj", "{F6E3B18D-285E-451E-A15B-7507392D5BA7}"
EndProject
Project("{FAE04EC0-301F-11D3-BF4B-00C04F79EFBC}") = "Net.Android.AppMetrica.Analytics.ModulesApi", "src\Net.Android.AppMetrica.Analytics.ModulesApi\Net.Android.AppMetrica.Analytics.ModulesApi.csproj", "{2D2805E6-3788-46C4-B82A-97DCBBE5D36C}"
EndProject
Global
	GlobalSection(SolutionConfigurationPlatforms) = preSolution
		Debug|Any CPU = Debug|Any CPU
		Release|Any CPU = Release|Any CPU
	EndGlobalSection
	GlobalSection(ProjectConfigurationPlatforms) = postSolution
		{7698C50C-E4BD-42E9-B899-A53361736E31}.Debug|Any CPU.ActiveCfg = Debug|Any CPU
		{7698C50C-E4BD-42E9-B899-A53361736E31}.Debug|Any CPU.Build.0 = Debug|Any CPU
		{7698C50C-E4BD-42E9-B899-A53361736E31}.Release|Any CPU.ActiveCfg = Release|Any CPU
		{7698C50C-E4BD-42E9-B899-A53361736E31}.Release|Any CPU.Build.0 = Release|Any CPU
		{EA7543E2-03AE-4B60-A4AF-04F3305AEFC0}.Debug|Any CPU.ActiveCfg = Debug|Any CPU
		{EA7543E2-03AE-4B60-A4AF-04F3305AEFC0}.Debug|Any CPU.Build.0 = Debug|Any CPU
		{EA7543E2-03AE-4B60-A4AF-04F3305AEFC0}.Release|Any CPU.ActiveCfg = Release|Any CPU
		{EA7543E2-03AE-4B60-A4AF-04F3305AEFC0}.Release|Any CPU.Build.0 = Release|Any CPU
		{EE86A0E8-52BA-44DD-9A01-B796FD47A098}.Debug|Any CPU.ActiveCfg = Debug|Any CPU
		{EE86A0E8-52BA-44DD-9A01-B796FD47A098}.Debug|Any CPU.Build.0 = Debug|Any CPU
		{EE86A0E8-52BA-44DD-9A01-B796FD47A098}.Release|Any CPU.ActiveCfg = Release|Any CPU
		{EE86A0E8-52BA-44DD-9A01-B796FD47A098}.Release|Any CPU.Build.0 = Release|Any CPU
		{CF74FD15-81E0-4A75-8D30-62F22A962E07}.Debug|Any CPU.ActiveCfg = Debug|Any CPU
		{CF74FD15-81E0-4A75-8D30-62F22A962E07}.Debug|Any CPU.Build.0 = Debug|Any CPU
		{CF74FD15-81E0-4A75-8D30-62F22A962E07}.Release|Any CPU.ActiveCfg = Release|Any CPU
		{CF74FD15-81E0-4A75-8D30-62F22A962E07}.Release|Any CPU.Build.0 = Release|Any CPU
		{2ADAD30B-E087-492D-B762-CB0CC32F0539}.Debug|Any CPU.ActiveCfg = Debug|Any CPU
		{2ADAD30B-E087-492D-B762-CB0CC32F0539}.Debug|Any CPU.Build.0 = Debug|Any CPU
		{2ADAD30B-E087-492D-B762-CB0CC32F0539}.Release|Any CPU.ActiveCfg = Release|Any CPU
		{2ADAD30B-E087-492D-B762-CB0CC32F0539}.Release|Any CPU.Build.0 = Release|Any CPU
		{E34B10CF-A0B8-481D-9103-B197225ABC4B}.Debug|Any CPU.ActiveCfg = Debug|Any CPU
		{E34B10CF-A0B8-481D-9103-B197225ABC4B}.Debug|Any CPU.Build.0 = Debug|Any CPU
		{E34B10CF-A0B8-481D-9103-B197225ABC4B}.Release|Any CPU.ActiveCfg = Release|Any CPU
		{E34B10CF-A0B8-481D-9103-B197225ABC4B}.Release|Any CPU.Build.0 = Release|Any CPU
		{F6E3B18D-285E-451E-A15B-7507392D5BA7}.Debug|Any CPU.ActiveCfg = Debug|Any CPU
		{F6E3B18D-285E-451E-A15B-7507392D5BA7}.Debug|Any CPU.Build.0 = Debug|Any CPU
		{F6E3B18D-285E-451E-A15B-7507392D5BA7}.Release|Any CPU.ActiveCfg = Release|Any CPU
		{F6E3B18D-285E-451E-A15B-7507392D5BA7}.Release|Any CPU.Build.0 = Release|Any CPU
		{2D2805E6-3788-46C4-B82A-97DCBBE5D36C}.Debug|Any CPU.ActiveCfg = Debug|Any CPU
		{2D2805E6-3788-46C4-B82A-97DCBBE5D36C}.Debug|Any CPU.Build.0 = Debug|Any CPU
		{2D2805E6-3788-46C4-B82A-97DCBBE5D36C}.Release|Any CPU.ActiveCfg = Release|Any CPU
		{2D2805E6-3788-46C4-B82A-97DCBBE5D36C}.Release|Any CPU.Build.0 = Release|Any CPU
	EndGlobalSection
	GlobalSection(SolutionProperties) = preSolution
		HideSolutionNode = FALSE
	EndGlobalSection
	GlobalSection(NestedProjects) = preSolution
		{EA7543E2-03AE-4B60-A4AF-04F3305AEFC0} = {3B3711E8-2620-4213-B5B2-CB12C141BA71}
		{EE86A0E8-52BA-44DD-9A01-B796FD47A098} = {3B3711E8-2620-4213-B5B2-CB12C141BA71}
		{CF74FD15-81E0-4A75-8D30-62F22A962E07} = {3B3711E8-2620-4213-B5B2-CB12C141BA71}
		{2ADAD30B-E087-492D-B762-CB0CC32F0539} = {3B3711E8-2620-4213-B5B2-CB12C141BA71}
		{E34B10CF-A0B8-481D-9103-B197225ABC4B} = {3B3711E8-2620-4213-B5B2-CB12C141BA71}
		{F6E3B18D-285E-451E-A15B-7507392D5BA7} = {3B3711E8-2620-4213-B5B2-CB12C141BA71}
		{2D2805E6-3788-46C4-B82A-97DCBBE5D36C} = {3B3711E8-2620-4213-B5B2-CB12C141BA71}
	EndGlobalSection
EndGlobal
